
Microsoft Visual Studio Solution File, Format Version 12.00
Project("{FAE04EC0-301F-11D3-BF4B-00C04F79EFBC}") = "PraeyMod", "PraeyMod\PraeyMod.csproj", "{C28C321F-FD16-4A86-A9D5-D565DA530029}"
EndProject
Global
	GlobalSection(SolutionConfigurationPlatforms) = preSolution
		Debug|Any CPU = Debug|Any CPU
		Release|Any CPU = Release|Any CPU
	EndGlobalSection
	GlobalSection(ProjectConfigurationPlatforms) = postSolution
		{C28C321F-FD16-4A86-A9D5-D565DA530029}.Debug|Any CPU.ActiveCfg = Debug|Any CPU
		{C28C321F-FD16-4A86-A9D5-D565DA530029}.Debug|Any CPU.Build.0 = Debug|Any CPU
		{C28C321F-FD16-4A86-A9D5-D565DA530029}.Release|Any CPU.ActiveCfg = Release|Any CPU
		{C28C321F-FD16-4A86-A9D5-D565DA530029}.Release|Any CPU.Build.0 = Release|Any CPU
	EndGlobalSection
EndGlobal
